
Microsoft Visual Studio Solution File, Format Version 12.00
# Visual Studio Version 16
VisualStudioVersion = 16.0.31515.178
MinimumVisualStudioVersion = 10.0.40219.1
Project("{FAE04EC0-301F-11D3-BF4B-00C04F79EFBC}") = "AdapterDesignPattern", "AdapterDesignPattern\AdapterDesignPattern.csproj", "{8BFC4964-2C4C-4893-90A3-71C7BD99CD5D}"
EndProject
Global
	GlobalSection(SolutionConfigurationPlatforms) = preSolution
		Debug|Any CPU = Debug|Any CPU
		Release|Any CPU = Release|Any CPU
	EndGlobalSection
	GlobalSection(ProjectConfigurationPlatforms) = postSolution
		{8BFC4964-2C4C-4893-90A3-71C7BD99CD5D}.Debug|Any CPU.ActiveCfg = Debug|Any CPU
		{8BFC4964-2C4C-4893-90A3-71C7BD99CD5D}.Debug|Any CPU.Build.0 = Debug|Any CPU
		{8BFC4964-2C4C-4893-90A3-71C7BD99CD5D}.Release|Any CPU.ActiveCfg = Release|Any CPU
		{8BFC4964-2C4C-4893-90A3-71C7BD99CD5D}.Release|Any CPU.Build.0 = Release|Any CPU
	EndGlobalSection
	GlobalSection(SolutionProperties) = preSolution
		HideSolutionNode = FALSE
	EndGlobalSection
	GlobalSection(ExtensibilityGlobals) = postSolution
		SolutionGuid = {06766CE9-C515-497E-BBEA-E25B181E0B90}
	EndGlobalSection
EndGlobal
